lockfileVersion: '6.0'

settings:
  autoInstallPeers: true
  excludeLinksFromLockfile: false

dependencies:
  '@types/node':
    specifier: '>=20.8.10'
    version: 20.11.24
  typescript:
    specifier: '>=5.2.2'
    version: 5.3.3

devDependencies:
  '@iiimaddiniii/js-build-tool':
    specifier: ^0.6.21
    version: 0.6.21

packages:

  /@iiimaddiniii/js-build-tool@0.6.21:
    resolution: {integrity: sha512-nTbUJRshLVwxIxXjb/dhXnbQqIaabOJZ6+W385kt6ZiZMYffme/81kvwQ3zjuPTOyZbA4MRMjIk+UcVaQ/ZOkQ==}
    hasBin: true
    dev: true

  /@types/node@20.11.24:
    resolution: {integrity: sha512-Kza43ewS3xoLgCEpQrsT+xRo/EJej1y0kVYGiLFE1NEODXGzTfwiC6tXTLMQskn1X4/Rjlh0MQUvx9W+L9long==}
    dependencies:
      undici-types: 5.26.5
    dev: false

  /typescript@5.3.3:
    resolution: {integrity: sha512-pXWcraxM0uxAS+tN0AG/BF2TyqmHO014Z070UsJ+pFvYuRSq8KH8DmWpnbXe0pEPDHXZV3FcAbJkijJ5oNEnWw==}
    engines: {node: '>=14.17'}
    hasBin: true
    dev: false

  /undici-types@5.26.5:
    resolution: {integrity: sha512-JlCMO+ehdEIKqlFxk6IfVoAUVmgz7cU7zD/h9XZ0qzeosSHmUJVOzSQvvYSYWXkFXC+IfLKSIffhv0sVZup6pA==}
    dev: false
